
Microsoft Visual Studio Solution File, Format Version 12.00
# Visual Studio Version 17
VisualStudioVersion = 17.4.33122.133
MinimumVisualStudioVersion = 10.0.40219.1
Project("{FAE04EC0-301F-11D3-BF4B-00C04F79EFBC}") = "ConsoleApplication", "ConsoleApplication\ConsoleApplication.csproj", "{6FFF8CFB-C4B9-419A-9238-B2A5AAFEA15B}"
EndProject
Global
	GlobalSection(SolutionConfigurationPlatforms) = preSolution
		Debug|Any CPU = Debug|Any CPU
		Release|Any CPU = Release|Any CPU
	EndGlobalSection
	GlobalSection(ProjectConfigurationPlatforms) = postSolution
		{6FFF8CFB-C4B9-419A-9238-B2A5AAFEA15B}.Debug|Any CPU.ActiveCfg = Debug|Any CPU
		{6FFF8CFB-C4B9-419A-9238-B2A5AAFEA15B}.Debug|Any CPU.Build.0 = Debug|Any CPU
		{6FFF8CFB-C4B9-419A-9238-B2A5AAFEA15B}.Release|Any CPU.ActiveCfg = Release|Any CPU
		{6FFF8CFB-C4B9-419A-9238-B2A5AAFEA15B}.Release|Any CPU.Build.0 = Release|Any CPU
	EndGlobalSection
	GlobalSection(SolutionProperties) = preSolution
		HideSolutionNode = FALSE
	EndGlobalSection
	GlobalSection(ExtensibilityGlobals) = postSolution
		SolutionGuid = {6F727AF4-9888-44D4-911A-FB798611F2DA}
	EndGlobalSection
EndGlobal
