
Microsoft Visual Studio Solution File, Format Version 12.00
# Visual Studio Version 17
VisualStudioVersion = 17.5.33414.496
MinimumVisualStudioVersion = 10.0.40219.1
Project("{9A19103F-16F7-4668-BE54-9A1E7A4F7556}") = "P02_FootballBetting", "P02_FootballBetting\P02_FootballBetting.csproj", "{EC409A14-813C-449F-B1B2-1837188F3544}"
EndProject
Project("{FAE04EC0-301F-11D3-BF4B-00C04F79EFBC}") = "P02_FootballBetting.Data", "P02_FootballBetting.Data\P02_FootballBetting.Data.csproj", "{EDD92B50-426F-4DB6-AB6D-929A0D2DD822}"
EndProject
Project("{FAE04EC0-301F-11D3-BF4B-00C04F79EFBC}") = "P02_FootballBetting.Data.Common", "P02_FootballBetting.Data.Common\P02_FootballBetting.Data.Common.csproj", "{160CC7A0-5338-4997-B951-682088DE7674}"
EndProject
Project("{FAE04EC0-301F-11D3-BF4B-00C04F79EFBC}") = "P02_FootballBetting.Data.Models", "P02_FootballBetting.Data.Models\P02_FootballBetting.Data.Models.csproj", "{4BE486C9-63F6-43E3-A491-4A27E4B6BC76}"
EndProject
Global
	GlobalSection(SolutionConfigurationPlatforms) = preSolution
		Debug|Any CPU = Debug|Any CPU
		Release|Any CPU = Release|Any CPU
	EndGlobalSection
	GlobalSection(ProjectConfigurationPlatforms) = postSolution
		{EC409A14-813C-449F-B1B2-1837188F3544}.Debug|Any CPU.ActiveCfg = Debug|Any CPU
		{EC409A14-813C-449F-B1B2-1837188F3544}.Debug|Any CPU.Build.0 = Debug|Any CPU
		{EC409A14-813C-449F-B1B2-1837188F3544}.Release|Any CPU.ActiveCfg = Release|Any CPU
		{EC409A14-813C-449F-B1B2-1837188F3544}.Release|Any CPU.Build.0 = Release|Any CPU
		{EDD92B50-426F-4DB6-AB6D-929A0D2DD822}.Debug|Any CPU.ActiveCfg = Debug|Any CPU
		{EDD92B50-426F-4DB6-AB6D-929A0D2DD822}.Debug|Any CPU.Build.0 = Debug|Any CPU
		{EDD92B50-426F-4DB6-AB6D-929A0D2DD822}.Release|Any CPU.ActiveCfg = Release|Any CPU
		{EDD92B50-426F-4DB6-AB6D-929A0D2DD822}.Release|Any CPU.Build.0 = Release|Any CPU
		{160CC7A0-5338-4997-B951-682088DE7674}.Debug|Any CPU.ActiveCfg = Debug|Any CPU
		{160CC7A0-5338-4997-B951-682088DE7674}.Debug|Any CPU.Build.0 = Debug|Any CPU
		{160CC7A0-5338-4997-B951-682088DE7674}.Release|Any CPU.ActiveCfg = Release|Any CPU
		{160CC7A0-5338-4997-B951-682088DE7674}.Release|Any CPU.Build.0 = Release|Any CPU
		{4BE486C9-63F6-43E3-A491-4A27E4B6BC76}.Debug|Any CPU.ActiveCfg = Debug|Any CPU
		{4BE486C9-63F6-43E3-A491-4A27E4B6BC76}.Debug|Any CPU.Build.0 = Debug|Any CPU
		{4BE486C9-63F6-43E3-A491-4A27E4B6BC76}.Release|Any CPU.ActiveCfg = Release|Any CPU
		{4BE486C9-63F6-43E3-A491-4A27E4B6BC76}.Release|Any CPU.Build.0 = Release|Any CPU
	EndGlobalSection
	GlobalSection(SolutionProperties) = preSolution
		HideSolutionNode = FALSE
	EndGlobalSection
	GlobalSection(ExtensibilityGlobals) = postSolution
		SolutionGuid = {8BAFDF4C-2A60-4B0D-A0DE-3168F8F4D020}
	EndGlobalSection
EndGlobal
